
Microsoft Visual Studio Solution File, Format Version 12.00
# Visual Studio 15
VisualStudioVersion = 15.0.26430.16
MinimumVisualStudioVersion = 10.0.40219.1
Project("{FAE04EC0-301F-11D3-BF4B-00C04F79EFBC}") = "Products.Android", "Products\Products.Android\Products.Android.csproj", "{DBD0112E-D259-4823-B4A6-50C301B08854}"
EndProject
Project("{FAE04EC0-301F-11D3-BF4B-00C04F79EFBC}") = "Products", "Products\Products\Products.csproj", "{8E531004-9C65-4654-959D-562FCCC5F689}"
EndProject
Project("{FAE04EC0-301F-11D3-BF4B-00C04F79EFBC}") = "Products.UWP", "Products\Products.UWP\Products.UWP.csproj", "{114F8A41-33A3-463A-9B42-917A92BD62DE}"
EndProject
Project("{FAE04EC0-301F-11D3-BF4B-00C04F79EFBC}") = "Products.iOS", "Products\Products.iOS\Products.iOS.csproj", "{AC23C078-034D-45C4-A73B-712F7983E5BD}"
EndProject
Project("{FAE04EC0-301F-11D3-BF4B-00C04F79EFBC}") = "Products.Domain", "Products.Domain\Products.Domain.csproj", "{A31B3246-4FED-4D8B-8ED9-0C5DA54B0196}"
EndProject
Project("{FAE04EC0-301F-11D3-BF4B-00C04F79EFBC}") = "Products.Backend", "Products.Backend\Products.Backend.csproj", "{97245D31-1341-45A5-BF22-231C535ED0F4}"
EndProject
Project("{FAE04EC0-301F-11D3-BF4B-00C04F79EFBC}") = "Products.API", "Products.API\Products.API.csproj", "{FAAEA633-7ABC-47D9-A47B-FC5D717793FA}"
EndProject
Global
	GlobalSection(SolutionConfigurationPlatforms) = preSolution
		Ad-Hoc|Any CPU = Ad-Hoc|Any CPU
		Ad-Hoc|ARM = Ad-Hoc|ARM
		Ad-Hoc|iPhone = Ad-Hoc|iPhone
		Ad-Hoc|iPhoneSimulator = Ad-Hoc|iPhoneSimulator
		Ad-Hoc|x64 = Ad-Hoc|x64
		Ad-Hoc|x86 = Ad-Hoc|x86
		AppStore|Any CPU = AppStore|Any CPU
		AppStore|ARM = AppStore|ARM
		AppStore|iPhone = AppStore|iPhone
		AppStore|iPhoneSimulator = AppStore|iPhoneSimulator
		AppStore|x64 = AppStore|x64
		AppStore|x86 = AppStore|x86
		Debug|Any CPU = Debug|Any CPU
		Debug|ARM = Debug|ARM
		Debug|iPhone = Debug|iPhone
		Debug|iPhoneSimulator = Debug|iPhoneSimulator
		Debug|x64 = Debug|x64
		Debug|x86 = Debug|x86
		Release|Any CPU = Release|Any CPU
		Release|ARM = Release|ARM
		Release|iPhone = Release|iPhone
		Release|iPhoneSimulator = Release|iPhoneSimulator
		Release|x64 = Release|x64
		Release|x86 = Release|x86
	EndGlobalSection
	GlobalSection(ProjectConfigurationPlatforms) = postSolution
		{DBD0112E-D259-4823-B4A6-50C301B08854}.Ad-Hoc|Any CPU.ActiveCfg = Release|Any CPU
		{DBD0112E-D259-4823-B4A6-50C301B08854}.Ad-Hoc|Any CPU.Build.0 = Release|Any CPU
		{DBD0112E-D259-4823-B4A6-50C301B08854}.Ad-Hoc|Any CPU.Deploy.0 = Release|Any CPU
		{DBD0112E-D259-4823-B4A6-50C301B08854}.Ad-Hoc|ARM.ActiveCfg = Release|Any CPU
		{DBD0112E-D259-4823-B4A6-50C301B08854}.Ad-Hoc|ARM.Build.0 = Release|Any CPU
		{DBD0112E-D259-4823-B4A6-50C301B08854}.Ad-Hoc|ARM.Deploy.0 = Release|Any CPU
		{DBD0112E-D259-4823-B4A6-50C301B08854}.Ad-Hoc|iPhone.ActiveCfg = Release|Any CPU
		{DBD0112E-D259-4823-B4A6-50C301B08854}.Ad-Hoc|iPhone.Build.0 = Release|Any CPU
		{DBD0112E-D259-4823-B4A6-50C301B08854}.Ad-Hoc|iPhone.Deploy.0 = Release|Any CPU
		{DBD0112E-D259-4823-B4A6-50C301B08854}.Ad-Hoc|iPhoneSimulator.ActiveCfg = Release|Any CPU
		{DBD0112E-D259-4823-B4A6-50C301B08854}.Ad-Hoc|iPhoneSimulator.Build.0 = Release|Any CPU
		{DBD0112E-D259-4823-B4A6-50C301B08854}.Ad-Hoc|iPhoneSimulator.Deploy.0 = Release|Any CPU
		{DBD0112E-D259-4823-B4A6-50C301B08854}.Ad-Hoc|x64.ActiveCfg = Release|Any CPU
		{DBD0112E-D259-4823-B4A6-50C301B08854}.Ad-Hoc|x64.Build.0 = Release|Any CPU
		{DBD0112E-D259-4823-B4A6-50C301B08854}.Ad-Hoc|x64.Deploy.0 = Release|Any CPU
		{DBD0112E-D259-4823-B4A6-50C301B08854}.Ad-Hoc|x86.ActiveCfg = Release|Any CPU
		{DBD0112E-D259-4823-B4A6-50C301B08854}.Ad-Hoc|x86.Build.0 = Release|Any CPU
		{DBD0112E-D259-4823-B4A6-50C301B08854}.Ad-Hoc|x86.Deploy.0 = Release|Any CPU
		{DBD0112E-D259-4823-B4A6-50C301B08854}.AppStore|Any CPU.ActiveCfg = Release|Any CPU
		{DBD0112E-D259-4823-B4A6-50C301B08854}.AppStore|Any CPU.Build.0 = Release|Any CPU
		{DBD0112E-D259-4823-B4A6-50C301B08854}.AppStore|Any CPU.Deploy.0 = Release|Any CPU
		{DBD0112E-D259-4823-B4A6-50C301B08854}.AppStore|ARM.ActiveCfg = Release|Any CPU
		{DBD0112E-D259-4823-B4A6-50C301B08854}.AppStore|ARM.Build.0 = Release|Any CPU
		{DBD0112E-D259-4823-B4A6-50C301B08854}.AppStore|ARM.Deploy.0 = Release|Any CPU
		{DBD0112E-D259-4823-B4A6-50C301B08854}.AppStore|iPhone.ActiveCfg = Release|Any CPU
		{DBD0112E-D259-4823-B4A6-50C301B08854}.AppStore|iPhone.Build.0 = Release|Any CPU
		{DBD0112E-D259-4823-B4A6-50C301B08854}.AppStore|iPhone.Deploy.0 = Release|Any CPU
		{DBD0112E-D259-4823-B4A6-50C301B08854}.AppStore|iPhoneSimulator.ActiveCfg = Release|Any CPU
		{DBD0112E-D259-4823-B4A6-50C301B08854}.AppStore|iPhoneSimulator.Build.0 = Release|Any CPU
		{DBD0112E-D259-4823-B4A6-50C301B08854}.AppStore|iPhoneSimulator.Deploy.0 = Release|Any CPU
		{DBD0112E-D259-4823-B4A6-50C301B08854}.AppStore|x64.ActiveCfg = Release|Any CPU
		{DBD0112E-D259-4823-B4A6-50C301B08854}.AppStore|x64.Build.0 = Release|Any CPU
		{DBD0112E-D259-4823-B4A6-50C301B08854}.AppStore|x64.Deploy.0 = Release|Any CPU
		{DBD0112E-D259-4823-B4A6-50C301B08854}.AppStore|x86.ActiveCfg = Release|Any CPU
		{DBD0112E-D259-4823-B4A6-50C301B08854}.AppStore|x86.Build.0 = Release|Any CPU
		{DBD0112E-D259-4823-B4A6-50C301B08854}.AppStore|x86.Deploy.0 = Release|Any CPU
		{DBD0112E-D259-4823-B4A6-50C301B08854}.Debug|Any CPU.ActiveCfg = Debug|Any CPU
		{DBD0112E-D259-4823-B4A6-50C301B08854}.Debug|ARM.ActiveCfg = Debug|Any CPU
		{DBD0112E-D259-4823-B4A6-50C301B08854}.Debug|ARM.Build.0 = Debug|Any CPU
		{DBD0112E-D259-4823-B4A6-50C301B08854}.Debug|ARM.Deploy.0 = Debug|Any CPU
		{DBD0112E-D259-4823-B4A6-50C301B08854}.Debug|iPhone.ActiveCfg = Debug|Any CPU
		{DBD0112E-D259-4823-B4A6-50C301B08854}.Debug|iPhone.Build.0 = Debug|Any CPU
		{DBD0112E-D259-4823-B4A6-50C301B08854}.Debug|iPhone.Deploy.0 = Debug|Any CPU
		{DBD0112E-D259-4823-B4A6-50C301B08854}.Debug|iPhoneSimulator.ActiveCfg = Debug|Any CPU
		{DBD0112E-D259-4823-B4A6-50C301B08854}.Debug|iPhoneSimulator.Build.0 = Debug|Any CPU
		{DBD0112E-D259-4823-B4A6-50C301B08854}.Debug|iPhoneSimulator.Deploy.0 = Debug|Any CPU
		{DBD0112E-D259-4823-B4A6-50C301B08854}.Debug|x64.ActiveCfg = Debug|Any CPU
		{DBD0112E-D259-4823-B4A6-50C301B08854}.Debug|x64.Build.0 = Debug|Any CPU
		{DBD0112E-D259-4823-B4A6-50C301B08854}.Debug|x64.Deploy.0 = Debug|Any CPU
		{DBD0112E-D259-4823-B4A6-50C301B08854}.Debug|x86.ActiveCfg = Debug|Any CPU
		{DBD0112E-D259-4823-B4A6-50C301B08854}.Debug|x86.Build.0 = Debug|Any CPU
		{DBD0112E-D259-4823-B4A6-50C301B08854}.Debug|x86.Deploy.0 = Debug|Any CPU
		{DBD0112E-D259-4823-B4A6-50C301B08854}.Release|Any CPU.ActiveCfg = Release|Any CPU
		{DBD0112E-D259-4823-B4A6-50C301B08854}.Release|Any CPU.Build.0 = Release|Any CPU
		{DBD0112E-D259-4823-B4A6-50C301B08854}.Release|Any CPU.Deploy.0 = Release|Any CPU
		{DBD0112E-D259-4823-B4A6-50C301B08854}.Release|ARM.ActiveCfg = Release|Any CPU
		{DBD0112E-D259-4823-B4A6-50C301B08854}.Release|ARM.Build.0 = Release|Any CPU
		{DBD0112E-D259-4823-B4A6-50C301B08854}.Release|ARM.Deploy.0 = Release|Any CPU
		{DBD0112E-D259-4823-B4A6-50C301B08854}.Release|iPhone.ActiveCfg = Release|Any CPU
		{DBD0112E-D259-4823-B4A6-50C301B08854}.Release|iPhone.Build.0 = Release|Any CPU
		{DBD0112E-D259-4823-B4A6-50C301B08854}.Release|iPhone.Deploy.0 = Release|Any CPU
		{DBD0112E-D259-4823-B4A6-50C301B08854}.Release|iPhoneSimulator.ActiveCfg = Release|Any CPU
		{DBD0112E-D259-4823-B4A6-50C301B08854}.Release|iPhoneSimulator.Build.0 = Release|Any CPU
		{DBD0112E-D259-4823-B4A6-50C301B08854}.Release|iPhoneSimulator.Deploy.0 = Release|Any CPU
		{DBD0112E-D259-4823-B4A6-50C301B08854}.Release|x64.ActiveCfg = Release|Any CPU
		{DBD0112E-D259-4823-B4A6-50C301B08854}.Release|x64.Build.0 = Release|Any CPU
		{DBD0112E-D259-4823-B4A6-50C301B08854}.Release|x64.Deploy.0 = Release|Any CPU
		{DBD0112E-D259-4823-B4A6-50C301B08854}.Release|x86.ActiveCfg = Release|Any CPU
		{DBD0112E-D259-4823-B4A6-50C301B08854}.Release|x86.Build.0 = Release|Any CPU
		{DBD0112E-D259-4823-B4A6-50C301B08854}.Release|x86.Deploy.0 = Release|Any CPU
		{8E531004-9C65-4654-959D-562FCCC5F689}.Ad-Hoc|Any CPU.ActiveCfg = Release|Any CPU
		{8E531004-9C65-4654-959D-562FCCC5F689}.Ad-Hoc|Any CPU.Build.0 = Release|Any CPU
		{8E531004-9C65-4654-959D-562FCCC5F689}.Ad-Hoc|ARM.ActiveCfg = Release|Any CPU
		{8E531004-9C65-4654-959D-562FCCC5F689}.Ad-Hoc|ARM.Build.0 = Release|Any CPU
		{8E531004-9C65-4654-959D-562FCCC5F689}.Ad-Hoc|iPhone.ActiveCfg = Release|Any CPU
		{8E531004-9C65-4654-959D-562FCCC5F689}.Ad-Hoc|iPhone.Build.0 = Release|Any CPU
		{8E531004-9C65-4654-959D-562FCCC5F689}.Ad-Hoc|iPhoneSimulator.ActiveCfg = Release|Any CPU
		{8E531004-9C65-4654-959D-562FCCC5F689}.Ad-Hoc|iPhoneSimulator.Build.0 = Release|Any CPU
		{8E531004-9C65-4654-959D-562FCCC5F689}.Ad-Hoc|x64.ActiveCfg = Release|Any CPU
		{8E531004-9C65-4654-959D-562FCCC5F689}.Ad-Hoc|x64.Build.0 = Release|Any CPU
		{8E531004-9C65-4654-959D-562FCCC5F689}.Ad-Hoc|x86.ActiveCfg = Release|Any CPU
		{8E531004-9C65-4654-959D-562FCCC5F689}.Ad-Hoc|x86.Build.0 = Release|Any CPU
		{8E531004-9C65-4654-959D-562FCCC5F689}.AppStore|Any CPU.ActiveCfg = Release|Any CPU
		{8E531004-9C65-4654-959D-562FCCC5F689}.AppStore|Any CPU.Build.0 = Release|Any CPU
		{8E531004-9C65-4654-959D-562FCCC5F689}.AppStore|ARM.ActiveCfg = Release|Any CPU
		{8E531004-9C65-4654-959D-562FCCC5F689}.AppStore|ARM.Build.0 = Release|Any CPU
		{8E531004-9C65-4654-959D-562FCCC5F689}.AppStore|iPhone.ActiveCfg = Release|Any CPU
		{8E531004-9C65-4654-959D-562FCCC5F689}.AppStore|iPhone.Build.0 = Release|Any CPU
		{8E531004-9C65-4654-959D-562FCCC5F689}.AppStore|iPhoneSimulator.ActiveCfg = Release|Any CPU
		{8E531004-9C65-4654-959D-562FCCC5F689}.AppStore|iPhoneSimulator.Build.0 = Release|Any CPU
		{8E531004-9C65-4654-959D-562FCCC5F689}.AppStore|x64.ActiveCfg = Release|Any CPU
		{8E531004-9C65-4654-959D-562FCCC5F689}.AppStore|x64.Build.0 = Release|Any CPU
		{8E531004-9C65-4654-959D-562FCCC5F689}.AppStore|x86.ActiveCfg = Release|Any CPU
		{8E531004-9C65-4654-959D-562FCCC5F689}.AppStore|x86.Build.0 = Release|Any CPU
		{8E531004-9C65-4654-959D-562FCCC5F689}.Debug|Any CPU.ActiveCfg = Debug|Any CPU
		{8E531004-9C65-4654-959D-562FCCC5F689}.Debug|ARM.ActiveCfg = Debug|Any CPU
		{8E531004-9C65-4654-959D-562FCCC5F689}.Debug|ARM.Build.0 = Debug|Any CPU
		{8E531004-9C65-4654-959D-562FCCC5F689}.Debug|iPhone.ActiveCfg = Debug|Any CPU
		{8E531004-9C65-4654-959D-562FCCC5F689}.Debug|iPhone.Build.0 = Debug|Any CPU
		{8E531004-9C65-4654-959D-562FCCC5F689}.Debug|iPhoneSimulator.ActiveCfg = Debug|Any CPU
		{8E531004-9C65-4654-959D-562FCCC5F689}.Debug|iPhoneSimulator.Build.0 = Debug|Any CPU
		{8E531004-9C65-4654-959D-562FCCC5F689}.Debug|x64.ActiveCfg = Debug|Any CPU
		{8E531004-9C65-4654-959D-562FCCC5F689}.Debug|x64.Build.0 = Debug|Any CPU
		{8E531004-9C65-4654-959D-562FCCC5F689}.Debug|x86.ActiveCfg = Debug|Any CPU
		{8E531004-9C65-4654-959D-562FCCC5F689}.Debug|x86.Build.0 = Debug|Any CPU
		{8E531004-9C65-4654-959D-562FCCC5F689}.Release|Any CPU.ActiveCfg = Release|Any CPU
		{8E531004-9C65-4654-959D-562FCCC5F689}.Release|Any CPU.Build.0 = Release|Any CPU
		{8E531004-9C65-4654-959D-562FCCC5F689}.Release|ARM.ActiveCfg = Release|Any CPU
		{8E531004-9C65-4654-959D-562FCCC5F689}.Release|ARM.Build.0 = Release|Any CPU
		{8E531004-9C65-4654-959D-562FCCC5F689}.Release|iPhone.ActiveCfg = Release|Any CPU
		{8E531004-9C65-4654-959D-562FCCC5F689}.Release|iPhone.Build.0 = Release|Any CPU
		{8E531004-9C65-4654-959D-562FCCC5F689}.Release|iPhoneSimulator.ActiveCfg = Release|Any CPU
		{8E531004-9C65-4654-959D-562FCCC5F689}.Release|iPhoneSimulator.Build.0 = Release|Any CPU
		{8E531004-9C65-4654-959D-562FCCC5F689}.Release|x64.ActiveCfg = Release|Any CPU
		{8E531004-9C65-4654-959D-562FCCC5F689}.Release|x64.Build.0 = Release|Any CPU
		{8E531004-9C65-4654-959D-562FCCC5F689}.Release|x86.ActiveCfg = Release|Any CPU
		{8E531004-9C65-4654-959D-562FCCC5F689}.Release|x86.Build.0 = Release|Any CPU
		{114F8A41-33A3-463A-9B42-917A92BD62DE}.Ad-Hoc|Any CPU.ActiveCfg = Release|x86
		{114F8A41-33A3-463A-9B42-917A92BD62DE}.Ad-Hoc|Any CPU.Build.0 = Release|x86
		{114F8A41-33A3-463A-9B42-917A92BD62DE}.Ad-Hoc|Any CPU.Deploy.0 = Release|x86
		{114F8A41-33A3-463A-9B42-917A92BD62DE}.Ad-Hoc|ARM.ActiveCfg = Release|ARM
		{114F8A41-33A3-463A-9B42-917A92BD62DE}.Ad-Hoc|ARM.Build.0 = Release|ARM
		{114F8A41-33A3-463A-9B42-917A92BD62DE}.Ad-Hoc|ARM.Deploy.0 = Release|ARM
		{114F8A41-33A3-463A-9B42-917A92BD62DE}.Ad-Hoc|iPhone.ActiveCfg = Release|x86
		{114F8A41-33A3-463A-9B42-917A92BD62DE}.Ad-Hoc|iPhone.Build.0 = Release|x86
		{114F8A41-33A3-463A-9B42-917A92BD62DE}.Ad-Hoc|iPhone.Deploy.0 = Release|x86
		{114F8A41-33A3-463A-9B42-917A92BD62DE}.Ad-Hoc|iPhoneSimulator.ActiveCfg = Release|x86
		{114F8A41-33A3-463A-9B42-917A92BD62DE}.Ad-Hoc|iPhoneSimulator.Build.0 = Release|x86
		{114F8A41-33A3-463A-9B42-917A92BD62DE}.Ad-Hoc|iPhoneSimulator.Deploy.0 = Release|x86
		{114F8A41-33A3-463A-9B42-917A92BD62DE}.Ad-Hoc|x64.ActiveCfg = Release|x64
		{114F8A41-33A3-463A-9B42-917A92BD62DE}.Ad-Hoc|x64.Build.0 = Release|x64
		{114F8A41-33A3-463A-9B42-917A92BD62DE}.Ad-Hoc|x64.Deploy.0 = Release|x64
		{114F8A41-33A3-463A-9B42-917A92BD62DE}.Ad-Hoc|x86.ActiveCfg = Release|x86
		{114F8A41-33A3-463A-9B42-917A92BD62DE}.Ad-Hoc|x86.Build.0 = Release|x86
		{114F8A41-33A3-463A-9B42-917A92BD62DE}.Ad-Hoc|x86.Deploy.0 = Release|x86
		{114F8A41-33A3-463A-9B42-917A92BD62DE}.AppStore|Any CPU.ActiveCfg = Release|x86
		{114F8A41-33A3-463A-9B42-917A92BD62DE}.AppStore|Any CPU.Build.0 = Release|x86
		{114F8A41-33A3-463A-9B42-917A92BD62DE}.AppStore|Any CPU.Deploy.0 = Release|x86
		{114F8A41-33A3-463A-9B42-917A92BD62DE}.AppStore|ARM.ActiveCfg = Release|ARM
		{114F8A41-33A3-463A-9B42-917A92BD62DE}.AppStore|ARM.Build.0 = Release|ARM
		{114F8A41-33A3-463A-9B42-917A92BD62DE}.AppStore|ARM.Deploy.0 = Release|ARM
		{114F8A41-33A3-463A-9B42-917A92BD62DE}.AppStore|iPhone.ActiveCfg = Release|x86
		{114F8A41-33A3-463A-9B42-917A92BD62DE}.AppStore|iPhone.Build.0 = Release|x86
		{114F8A41-33A3-463A-9B42-917A92BD62DE}.AppStore|iPhone.Deploy.0 = Release|x86
		{114F8A41-33A3-463A-9B42-917A92BD62DE}.AppStore|iPhoneSimulator.ActiveCfg = Release|x86
		{114F8A41-33A3-463A-9B42-917A92BD62DE}.AppStore|iPhoneSimulator.Build.0 = Release|x86
		{114F8A41-33A3-463A-9B42-917A92BD62DE}.AppStore|iPhoneSimulator.Deploy.0 = Release|x86
		{114F8A41-33A3-463A-9B42-917A92BD62DE}.AppStore|x64.ActiveCfg = Release|x64
		{114F8A41-33A3-463A-9B42-917A92BD62DE}.AppStore|x64.Build.0 = Release|x64
		{114F8A41-33A3-463A-9B42-917A92BD62DE}.AppStore|x64.Deploy.0 = Release|x64
		{114F8A41-33A3-463A-9B42-917A92BD62DE}.AppStore|x86.ActiveCfg = Release|x86
		{114F8A41-33A3-463A-9B42-917A92BD62DE}.AppStore|x86.Build.0 = Release|x86
		{114F8A41-33A3-463A-9B42-917A92BD62DE}.AppStore|x86.Deploy.0 = Release|x86
		{114F8A41-33A3-463A-9B42-917A92BD62DE}.Debug|Any CPU.ActiveCfg = Debug|x86
		{114F8A41-33A3-463A-9B42-917A92BD62DE}.Debug|ARM.ActiveCfg = Debug|ARM
		{114F8A41-33A3-463A-9B42-917A92BD62DE}.Debug|ARM.Build.0 = Debug|ARM
		{114F8A41-33A3-463A-9B42-917A92BD62DE}.Debug|ARM.Deploy.0 = Debug|ARM
		{114F8A41-33A3-463A-9B42-917A92BD62DE}.Debug|iPhone.ActiveCfg = Debug|x86
		{114F8A41-33A3-463A-9B42-917A92BD62DE}.Debug|iPhoneSimulator.ActiveCfg = Debug|x86
		{114F8A41-33A3-463A-9B42-917A92BD62DE}.Debug|x64.ActiveCfg = Debug|x64
		{114F8A41-33A3-463A-9B42-917A92BD62DE}.Debug|x64.Build.0 = Debug|x64
		{114F8A41-33A3-463A-9B42-917A92BD62DE}.Debug|x64.Deploy.0 = Debug|x64
		{114F8A41-33A3-463A-9B42-917A92BD62DE}.Debug|x86.ActiveCfg = Debug|x86
		{114F8A41-33A3-463A-9B42-917A92BD62DE}.Debug|x86.Build.0 = Debug|x86
		{114F8A41-33A3-463A-9B42-917A92BD62DE}.Debug|x86.Deploy.0 = Debug|x86
		{114F8A41-33A3-463A-9B42-917A92BD62DE}.Release|Any CPU.ActiveCfg = Release|x86
		{114F8A41-33A3-463A-9B42-917A92BD62DE}.Release|ARM.ActiveCfg = Release|ARM
		{114F8A41-33A3-463A-9B42-917A92BD62DE}.Release|ARM.Build.0 = Release|ARM
		{114F8A41-33A3-463A-9B42-917A92BD62DE}.Release|ARM.Deploy.0 = Release|ARM
		{114F8A41-33A3-463A-9B42-917A92BD62DE}.Release|iPhone.ActiveCfg = Release|x86
		{114F8A41-33A3-463A-9B42-917A92BD62DE}.Release|iPhoneSimulator.ActiveCfg = Release|x86
		{114F8A41-33A3-463A-9B42-917A92BD62DE}.Release|x64.ActiveCfg = Release|x64
		{114F8A41-33A3-463A-9B42-917A92BD62DE}.Release|x64.Build.0 = Release|x64
		{114F8A41-33A3-463A-9B42-917A92BD62DE}.Release|x64.Deploy.0 = Release|x64
		{114F8A41-33A3-463A-9B42-917A92BD62DE}.Release|x86.ActiveCfg = Release|x86
		{114F8A41-33A3-463A-9B42-917A92BD62DE}.Release|x86.Build.0 = Release|x86
		{114F8A41-33A3-463A-9B42-917A92BD62DE}.Release|x86.Deploy.0 = Release|x86
		{AC23C078-034D-45C4-A73B-712F7983E5BD}.Ad-Hoc|Any CPU.ActiveCfg = Ad-Hoc|iPhone
		{AC23C078-034D-45C4-A73B-712F7983E5BD}.Ad-Hoc|ARM.ActiveCfg = Ad-Hoc|iPhone
		{AC23C078-034D-45C4-A73B-712F7983E5BD}.Ad-Hoc|iPhone.ActiveCfg = Ad-Hoc|iPhone
		{AC23C078-034D-45C4-A73B-712F7983E5BD}.Ad-Hoc|iPhone.Build.0 = Ad-Hoc|iPhone
		{AC23C078-034D-45C4-A73B-712F7983E5BD}.Ad-Hoc|iPhoneSimulator.ActiveCfg = Ad-Hoc|iPhoneSimulator
		{AC23C078-034D-45C4-A73B-712F7983E5BD}.Ad-Hoc|iPhoneSimulator.Build.0 = Ad-Hoc|iPhoneSimulator
		{AC23C078-034D-45C4-A73B-712F7983E5BD}.Ad-Hoc|x64.ActiveCfg = Ad-Hoc|iPhone
		{AC23C078-034D-45C4-A73B-712F7983E5BD}.Ad-Hoc|x86.ActiveCfg = Ad-Hoc|iPhone
		{AC23C078-034D-45C4-A73B-712F7983E5BD}.AppStore|Any CPU.ActiveCfg = AppStore|iPhone
		{AC23C078-034D-45C4-A73B-712F7983E5BD}.AppStore|ARM.ActiveCfg = AppStore|iPhone
		{AC23C078-034D-45C4-A73B-712F7983E5BD}.AppStore|iPhone.ActiveCfg = AppStore|iPhone
		{AC23C078-034D-45C4-A73B-712F7983E5BD}.AppStore|iPhone.Build.0 = AppStore|iPhone
		{AC23C078-034D-45C4-A73B-712F7983E5BD}.AppStore|iPhoneSimulator.ActiveCfg = AppStore|iPhoneSimulator
		{AC23C078-034D-45C4-A73B-712F7983E5BD}.AppStore|iPhoneSimulator.Build.0 = AppStore|iPhoneSimulator
		{AC23C078-034D-45C4-A73B-712F7983E5BD}.AppStore|x64.ActiveCfg = AppStore|iPhone
		{AC23C078-034D-45C4-A73B-712F7983E5BD}.AppStore|x86.ActiveCfg = AppStore|iPhone
		{AC23C078-034D-45C4-A73B-712F7983E5BD}.Debug|Any CPU.ActiveCfg = Debug|iPhone
		{AC23C078-034D-45C4-A73B-712F7983E5BD}.Debug|ARM.ActiveCfg = Debug|iPhone
		{AC23C078-034D-45C4-A73B-712F7983E5BD}.Debug|iPhone.ActiveCfg = Debug|iPhone
		{AC23C078-034D-45C4-A73B-712F7983E5BD}.Debug|iPhone.Build.0 = Debug|iPhone
		{AC23C078-034D-45C4-A73B-712F7983E5BD}.Debug|iPhoneSimulator.ActiveCfg = Debug|iPhoneSimulator
		{AC23C078-034D-45C4-A73B-712F7983E5BD}.Debug|iPhoneSimulator.Build.0 = Debug|iPhoneSimulator
		{AC23C078-034D-45C4-A73B-712F7983E5BD}.Debug|x64.ActiveCfg = Debug|iPhone
		{AC23C078-034D-45C4-A73B-712F7983E5BD}.Debug|x86.ActiveCfg = Debug|iPhone
		{AC23C078-034D-45C4-A73B-712F7983E5BD}.Release|Any CPU.ActiveCfg = Release|iPhone
		{AC23C078-034D-45C4-A73B-712F7983E5BD}.Release|ARM.ActiveCfg = Release|iPhone
		{AC23C078-034D-45C4-A73B-712F7983E5BD}.Release|iPhone.ActiveCfg = Release|iPhone
		{AC23C078-034D-45C4-A73B-712F7983E5BD}.Release|iPhone.Build.0 = Release|iPhone
		{AC23C078-034D-45C4-A73B-712F7983E5BD}.Release|iPhoneSimulator.ActiveCfg = Release|iPhoneSimulator
		{AC23C078-034D-45C4-A73B-712F7983E5BD}.Release|iPhoneSimulator.Build.0 = Release|iPhoneSimulator
		{AC23C078-034D-45C4-A73B-712F7983E5BD}.Release|x64.ActiveCfg = Release|iPhone
		{AC23C078-034D-45C4-A73B-712F7983E5BD}.Release|x86.ActiveCfg = Release|iPhone
		{A31B3246-4FED-4D8B-8ED9-0C5DA54B0196}.Ad-Hoc|Any CPU.ActiveCfg = Release|Any CPU
		{A31B3246-4FED-4D8B-8ED9-0C5DA54B0196}.Ad-Hoc|Any CPU.Build.0 = Release|Any CPU
		{A31B3246-4FED-4D8B-8ED9-0C5DA54B0196}.Ad-Hoc|ARM.ActiveCfg = Release|Any CPU
		{A31B3246-4FED-4D8B-8ED9-0C5DA54B0196}.Ad-Hoc|ARM.Build.0 = Release|Any CPU
		{A31B3246-4FED-4D8B-8ED9-0C5DA54B0196}.Ad-Hoc|iPhone.ActiveCfg = Release|Any CPU
		{A31B3246-4FED-4D8B-8ED9-0C5DA54B0196}.Ad-Hoc|iPhone.Build.0 = Release|Any CPU
		{A31B3246-4FED-4D8B-8ED9-0C5DA54B0196}.Ad-Hoc|iPhoneSimulator.ActiveCfg = Release|Any CPU
		{A31B3246-4FED-4D8B-8ED9-0C5DA54B0196}.Ad-Hoc|iPhoneSimulator.Build.0 = Release|Any CPU
		{A31B3246-4FED-4D8B-8ED9-0C5DA54B0196}.Ad-Hoc|x64.ActiveCfg = Release|Any CPU
		{A31B3246-4FED-4D8B-8ED9-0C5DA54B0196}.Ad-Hoc|x64.Build.0 = Release|Any CPU
		{A31B3246-4FED-4D8B-8ED9-0C5DA54B0196}.Ad-Hoc|x86.ActiveCfg = Release|Any CPU
		{A31B3246-4FED-4D8B-8ED9-0C5DA54B0196}.Ad-Hoc|x86.Build.0 = Release|Any CPU
		{A31B3246-4FED-4D8B-8ED9-0C5DA54B0196}.AppStore|Any CPU.ActiveCfg = Release|Any CPU
		{A31B3246-4FED-4D8B-8ED9-0C5DA54B0196}.AppStore|Any CPU.Build.0 = Release|Any CPU
		{A31B3246-4FED-4D8B-8ED9-0C5DA54B0196}.AppStore|ARM.ActiveCfg = Release|Any CPU
		{A31B3246-4FED-4D8B-8ED9-0C5DA54B0196}.AppStore|ARM.Build.0 = Release|Any CPU
		{A31B3246-4FED-4D8B-8ED9-0C5DA54B0196}.AppStore|iPhone.ActiveCfg = Release|Any CPU
		{A31B3246-4FED-4D8B-8ED9-0C5DA54B0196}.AppStore|iPhone.Build.0 = Release|Any CPU
		{A31B3246-4FED-4D8B-8ED9-0C5DA54B0196}.AppStore|iPhoneSimulator.ActiveCfg = Release|Any CPU
		{A31B3246-4FED-4D8B-8ED9-0C5DA54B0196}.AppStore|iPhoneSimulator.Build.0 = Release|Any CPU
		{A31B3246-4FED-4D8B-8ED9-0C5DA54B0196}.AppStore|x64.ActiveCfg = Release|Any CPU
		{A31B3246-4FED-4D8B-8ED9-0C5DA54B0196}.AppStore|x64.Build.0 = Release|Any CPU
		{A31B3246-4FED-4D8B-8ED9-0C5DA54B0196}.AppStore|x86.ActiveCfg = Release|Any CPU
		{A31B3246-4FED-4D8B-8ED9-0C5DA54B0196}.AppStore|x86.Build.0 = Release|Any CPU
		{A31B3246-4FED-4D8B-8ED9-0C5DA54B0196}.Debug|Any CPU.ActiveCfg = Debug|Any CPU
		{A31B3246-4FED-4D8B-8ED9-0C5DA54B0196}.Debug|Any CPU.Build.0 = Debug|Any CPU
		{A31B3246-4FED-4D8B-8ED9-0C5DA54B0196}.Debug|ARM.ActiveCfg = Debug|Any CPU
		{A31B3246-4FED-4D8B-8ED9-0C5DA54B0196}.Debug|ARM.Build.0 = Debug|Any CPU
		{A31B3246-4FED-4D8B-8ED9-0C5DA54B0196}.Debug|iPhone.ActiveCfg = Debug|Any CPU
		{A31B3246-4FED-4D8B-8ED9-0C5DA54B0196}.Debug|iPhone.Build.0 = Debug|Any CPU
		{A31B3246-4FED-4D8B-8ED9-0C5DA54B0196}.Debug|iPhoneSimulator.ActiveCfg = Debug|Any CPU
		{A31B3246-4FED-4D8B-8ED9-0C5DA54B0196}.Debug|iPhoneSimulator.Build.0 = Debug|Any CPU
		{A31B3246-4FED-4D8B-8ED9-0C5DA54B0196}.Debug|x64.ActiveCfg = Debug|Any CPU
		{A31B3246-4FED-4D8B-8ED9-0C5DA54B0196}.Debug|x64.Build.0 = Debug|Any CPU
		{A31B3246-4FED-4D8B-8ED9-0C5DA54B0196}.Debug|x86.ActiveCfg = Debug|Any CPU
		{A31B3246-4FED-4D8B-8ED9-0C5DA54B0196}.Debug|x86.Build.0 = Debug|Any CPU
		{A31B3246-4FED-4D8B-8ED9-0C5DA54B0196}.Release|Any CPU.ActiveCfg = Release|Any CPU
		{A31B3246-4FED-4D8B-8ED9-0C5DA54B0196}.Release|Any CPU.Build.0 = Release|Any CPU
		{A31B3246-4FED-4D8B-8ED9-0C5DA54B0196}.Release|ARM.ActiveCfg = Release|Any CPU
		{A31B3246-4FED-4D8B-8ED9-0C5DA54B0196}.Release|ARM.Build.0 = Release|Any CPU
		{A31B3246-4FED-4D8B-8ED9-0C5DA54B0196}.Release|iPhone.ActiveCfg = Release|Any CPU
		{A31B3246-4FED-4D8B-8ED9-0C5DA54B0196}.Release|iPhone.Build.0 = Release|Any CPU
		{A31B3246-4FED-4D8B-8ED9-0C5DA54B0196}.Release|iPhoneSimulator.ActiveCfg = Release|Any CPU
		{A31B3246-4FED-4D8B-8ED9-0C5DA54B0196}.Release|iPhoneSimulator.Build.0 = Release|Any CPU
		{A31B3246-4FED-4D8B-8ED9-0C5DA54B0196}.Release|x64.ActiveCfg = Release|Any CPU
		{A31B3246-4FED-4D8B-8ED9-0C5DA54B0196}.Release|x64.Build.0 = Release|Any CPU
		{A31B3246-4FED-4D8B-8ED9-0C5DA54B0196}.Release|x86.ActiveCfg = Release|Any CPU
		{A31B3246-4FED-4D8B-8ED9-0C5DA54B0196}.Release|x86.Build.0 = Release|Any CPU
		{97245D31-1341-45A5-BF22-231C535ED0F4}.Ad-Hoc|Any CPU.ActiveCfg = Release|Any CPU
		{97245D31-1341-45A5-BF22-231C535ED0F4}.Ad-Hoc|Any CPU.Build.0 = Release|Any CPU
		{97245D31-1341-45A5-BF22-231C535ED0F4}.Ad-Hoc|ARM.ActiveCfg = Release|Any CPU
		{97245D31-1341-45A5-BF22-231C535ED0F4}.Ad-Hoc|ARM.Build.0 = Release|Any CPU
		{97245D31-1341-45A5-BF22-231C535ED0F4}.Ad-Hoc|iPhone.ActiveCfg = Release|Any CPU
		{97245D31-1341-45A5-BF22-231C535ED0F4}.Ad-Hoc|iPhone.Build.0 = Release|Any CPU
		{97245D31-1341-45A5-BF22-231C535ED0F4}.Ad-Hoc|iPhoneSimulator.ActiveCfg = Release|Any CPU
		{97245D31-1341-45A5-BF22-231C535ED0F4}.Ad-Hoc|iPhoneSimulator.Build.0 = Release|Any CPU
		{97245D31-1341-45A5-BF22-231C535ED0F4}.Ad-Hoc|x64.ActiveCfg = Release|Any CPU
		{97245D31-1341-45A5-BF22-231C535ED0F4}.Ad-Hoc|x64.Build.0 = Release|Any CPU
		{97245D31-1341-45A5-BF22-231C535ED0F4}.Ad-Hoc|x86.ActiveCfg = Release|Any CPU
		{97245D31-1341-45A5-BF22-231C535ED0F4}.Ad-Hoc|x86.Build.0 = Release|Any CPU
		{97245D31-1341-45A5-BF22-231C535ED0F4}.AppStore|Any CPU.ActiveCfg = Release|Any CPU
		{97245D31-1341-45A5-BF22-231C535ED0F4}.AppStore|Any CPU.Build.0 = Release|Any CPU
		{97245D31-1341-45A5-BF22-231C535ED0F4}.AppStore|ARM.ActiveCfg = Release|Any CPU
		{97245D31-1341-45A5-BF22-231C535ED0F4}.AppStore|ARM.Build.0 = Release|Any CPU
		{97245D31-1341-45A5-BF22-231C535ED0F4}.AppStore|iPhone.ActiveCfg = Release|Any CPU
		{97245D31-1341-45A5-BF22-231C535ED0F4}.AppStore|iPhone.Build.0 = Release|Any CPU
		{97245D31-1341-45A5-BF22-231C535ED0F4}.AppStore|iPhoneSimulator.ActiveCfg = Release|Any CPU
		{97245D31-1341-45A5-BF22-231C535ED0F4}.AppStore|iPhoneSimulator.Build.0 = Release|Any CPU
		{97245D31-1341-45A5-BF22-231C535ED0F4}.AppStore|x64.ActiveCfg = Release|Any CPU
		{97245D31-1341-45A5-BF22-231C535ED0F4}.AppStore|x64.Build.0 = Release|Any CPU
		{97245D31-1341-45A5-BF22-231C535ED0F4}.AppStore|x86.ActiveCfg = Release|Any CPU
		{97245D31-1341-45A5-BF22-231C535ED0F4}.AppStore|x86.Build.0 = Release|Any CPU
		{97245D31-1341-45A5-BF22-231C535ED0F4}.Debug|Any CPU.ActiveCfg = Debug|Any CPU
		{97245D31-1341-45A5-BF22-231C535ED0F4}.Debug|Any CPU.Build.0 = Debug|Any CPU
		{97245D31-1341-45A5-BF22-231C535ED0F4}.Debug|ARM.ActiveCfg = Debug|Any CPU
		{97245D31-1341-45A5-BF22-231C535ED0F4}.Debug|ARM.Build.0 = Debug|Any CPU
		{97245D31-1341-45A5-BF22-231C535ED0F4}.Debug|iPhone.ActiveCfg = Debug|Any CPU
		{97245D31-1341-45A5-BF22-231C535ED0F4}.Debug|iPhone.Build.0 = Debug|Any CPU
		{97245D31-1341-45A5-BF22-231C535ED0F4}.Debug|iPhoneSimulator.ActiveCfg = Debug|Any CPU
		{97245D31-1341-45A5-BF22-231C535ED0F4}.Debug|iPhoneSimulator.Build.0 = Debug|Any CPU
		{97245D31-1341-45A5-BF22-231C535ED0F4}.Debug|x64.ActiveCfg = Debug|Any CPU
		{97245D31-1341-45A5-BF22-231C535ED0F4}.Debug|x64.Build.0 = Debug|Any CPU
		{97245D31-1341-45A5-BF22-231C535ED0F4}.Debug|x86.ActiveCfg = Debug|Any CPU
		{97245D31-1341-45A5-BF22-231C535ED0F4}.Debug|x86.Build.0 = Debug|Any CPU
		{97245D31-1341-45A5-BF22-231C535ED0F4}.Release|Any CPU.ActiveCfg = Release|Any CPU
		{97245D31-1341-45A5-BF22-231C535ED0F4}.Release|Any CPU.Build.0 = Release|Any CPU
		{97245D31-1341-45A5-BF22-231C535ED0F4}.Release|ARM.ActiveCfg = Release|Any CPU
		{97245D31-1341-45A5-BF22-231C535ED0F4}.Release|ARM.Build.0 = Release|Any CPU
		{97245D31-1341-45A5-BF22-231C535ED0F4}.Release|iPhone.ActiveCfg = Release|Any CPU
		{97245D31-1341-45A5-BF22-231C535ED0F4}.Release|iPhone.Build.0 = Release|Any CPU
		{97245D31-1341-45A5-BF22-231C535ED0F4}.Release|iPhoneSimulator.ActiveCfg = Release|Any CPU
		{97245D31-1341-45A5-BF22-231C535ED0F4}.Release|iPhoneSimulator.Build.0 = Release|Any CPU
		{97245D31-1341-45A5-BF22-231C535ED0F4}.Release|x64.ActiveCfg = Release|Any CPU
		{97245D31-1341-45A5-BF22-231C535ED0F4}.Release|x64.Build.0 = Release|Any CPU
		{97245D31-1341-45A5-BF22-231C535ED0F4}.Release|x86.ActiveCfg = Release|Any CPU
		{97245D31-1341-45A5-BF22-231C535ED0F4}.Release|x86.Build.0 = Release|Any CPU
		{FAAEA633-7ABC-47D9-A47B-FC5D717793FA}.Ad-Hoc|Any CPU.ActiveCfg = Release|Any CPU
		{FAAEA633-7ABC-47D9-A47B-FC5D717793FA}.Ad-Hoc|Any CPU.Build.0 = Release|Any CPU
		{FAAEA633-7ABC-47D9-A47B-FC5D717793FA}.Ad-Hoc|ARM.ActiveCfg = Release|Any CPU
		{FAAEA633-7ABC-47D9-A47B-FC5D717793FA}.Ad-Hoc|ARM.Build.0 = Release|Any CPU
		{FAAEA633-7ABC-47D9-A47B-FC5D717793FA}.Ad-Hoc|iPhone.ActiveCfg = Release|Any CPU
		{FAAEA633-7ABC-47D9-A47B-FC5D717793FA}.Ad-Hoc|iPhone.Build.0 = Release|Any CPU
		{FAAEA633-7ABC-47D9-A47B-FC5D717793FA}.Ad-Hoc|iPhoneSimulator.ActiveCfg = Release|Any CPU
		{FAAEA633-7ABC-47D9-A47B-FC5D717793FA}.Ad-Hoc|iPhoneSimulator.Build.0 = Release|Any CPU
		{FAAEA633-7ABC-47D9-A47B-FC5D717793FA}.Ad-Hoc|x64.ActiveCfg = Release|Any CPU
		{FAAEA633-7ABC-47D9-A47B-FC5D717793FA}.Ad-Hoc|x64.Build.0 = Release|Any CPU
		{FAAEA633-7ABC-47D9-A47B-FC5D717793FA}.Ad-Hoc|x86.ActiveCfg = Release|Any CPU
		{FAAEA633-7ABC-47D9-A47B-FC5D717793FA}.Ad-Hoc|x86.Build.0 = Release|Any CPU
		{FAAEA633-7ABC-47D9-A47B-FC5D717793FA}.AppStore|Any CPU.ActiveCfg = Release|Any CPU
		{FAAEA633-7ABC-47D9-A47B-FC5D717793FA}.AppStore|Any CPU.Build.0 = Release|Any CPU
		{FAAEA633-7ABC-47D9-A47B-FC5D717793FA}.AppStore|ARM.ActiveCfg = Release|Any CPU
		{FAAEA633-7ABC-47D9-A47B-FC5D717793FA}.AppStore|ARM.Build.0 = Release|Any CPU
		{FAAEA633-7ABC-47D9-A47B-FC5D717793FA}.AppStore|iPhone.ActiveCfg = Release|Any CPU
		{FAAEA633-7ABC-47D9-A47B-FC5D717793FA}.AppStore|iPhone.Build.0 = Release|Any CPU
		{FAAEA633-7ABC-47D9-A47B-FC5D717793FA}.AppStore|iPhoneSimulator.ActiveCfg = Release|Any CPU
		{FAAEA633-7ABC-47D9-A47B-FC5D717793FA}.AppStore|iPhoneSimulator.Build.0 = Release|Any CPU
		{FAAEA633-7ABC-47D9-A47B-FC5D717793FA}.AppStore|x64.ActiveCfg = Release|Any CPU
		{FAAEA633-7ABC-47D9-A47B-FC5D717793FA}.AppStore|x64.Build.0 = Release|Any CPU
		{FAAEA633-7ABC-47D9-A47B-FC5D717793FA}.AppStore|x86.ActiveCfg = Release|Any CPU
		{FAAEA633-7ABC-47D9-A47B-FC5D717793FA}.AppStore|x86.Build.0 = Release|Any CPU
		{FAAEA633-7ABC-47D9-A47B-FC5D717793FA}.Debug|Any CPU.ActiveCfg = Debug|Any CPU
		{FAAEA633-7ABC-47D9-A47B-FC5D717793FA}.Debug|ARM.ActiveCfg = Debug|Any CPU
		{FAAEA633-7ABC-47D9-A47B-FC5D717793FA}.Debug|ARM.Build.0 = Debug|Any CPU
		{FAAEA633-7ABC-47D9-A47B-FC5D717793FA}.Debug|iPhone.ActiveCfg = Debug|Any CPU
		{FAAEA633-7ABC-47D9-A47B-FC5D717793FA}.Debug|iPhone.Build.0 = Debug|Any CPU
		{FAAEA633-7ABC-47D9-A47B-FC5D717793FA}.Debug|iPhoneSimulator.ActiveCfg = Debug|Any CPU
		{FAAEA633-7ABC-47D9-A47B-FC5D717793FA}.Debug|iPhoneSimulator.Build.0 = Debug|Any CPU
		{FAAEA633-7ABC-47D9-A47B-FC5D717793FA}.Debug|x64.ActiveCfg = Debug|Any CPU
		{FAAEA633-7ABC-47D9-A47B-FC5D717793FA}.Debug|x64.Build.0 = Debug|Any CPU
		{FAAEA633-7ABC-47D9-A47B-FC5D717793FA}.Debug|x86.ActiveCfg = Debug|Any CPU
		{FAAEA633-7ABC-47D9-A47B-FC5D717793FA}.Debug|x86.Build.0 = Debug|Any CPU
		{FAAEA633-7ABC-47D9-A47B-FC5D717793FA}.Release|Any CPU.ActiveCfg = Release|Any CPU
		{FAAEA633-7ABC-47D9-A47B-FC5D717793FA}.Release|Any CPU.Build.0 = Release|Any CPU
		{FAAEA633-7ABC-47D9-A47B-FC5D717793FA}.Release|ARM.ActiveCfg = Release|Any CPU
		{FAAEA633-7ABC-47D9-A47B-FC5D717793FA}.Release|ARM.Build.0 = Release|Any CPU
		{FAAEA633-7ABC-47D9-A47B-FC5D717793FA}.Release|iPhone.ActiveCfg = Release|Any CPU
		{FAAEA633-7ABC-47D9-A47B-FC5D717793FA}.Release|iPhone.Build.0 = Release|Any CPU
		{FAAEA633-7ABC-47D9-A47B-FC5D717793FA}.Release|iPhoneSimulator.ActiveCfg = Release|Any CPU
		{FAAEA633-7ABC-47D9-A47B-FC5D717793FA}.Release|iPhoneSimulator.Build.0 = Release|Any CPU
		{FAAEA633-7ABC-47D9-A47B-FC5D717793FA}.Release|x64.ActiveCfg = Release|Any CPU
		{FAAEA633-7ABC-47D9-A47B-FC5D717793FA}.Release|x64.Build.0 = Release|Any CPU
		{FAAEA633-7ABC-47D9-A47B-FC5D717793FA}.Release|x86.ActiveCfg = Release|Any CPU
		{FAAEA633-7ABC-47D9-A47B-FC5D717793FA}.Release|x86.Build.0 = Release|Any CPU
	EndGlobalSection
	GlobalSection(SolutionProperties) = preSolution
		HideSolutionNode = FALSE
	EndGlobalSection
EndGlobal
